
Microsoft Visual Studio Solution File, Format Version 12.00
# Visual Studio Version 17
VisualStudioVersion = 17.9.34701.34
MinimumVisualStudioVersion = 10.0.40219.1
Project("{9A19103F-16F7-4668-BE54-9A1E7A4F7556}") = "StockExchange.Api", "StockExchange.Api\StockExchange.Api.csproj", "{5E6AF95D-D627-4E2E-95A8-5BDE8083B6B8}"
EndProject
Project("{9A19103F-16F7-4668-BE54-9A1E7A4F7556}") = "StockExchange.Core", "StockExchange.Core\StockExchange.Core.csproj", "{75C96C8E-ED49-46AB-8E80-5FFE96319632}"
EndProject
Project("{9A19103F-16F7-4668-BE54-9A1E7A4F7556}") = "StockExchange.Infrastructure", "StockExchange.Infrastructure\StockExchange.Infrastructure.csproj", "{4471F025-64BE-44B2-805B-26197F785027}"
EndProject
Project("{FAE04EC0-301F-11D3-BF4B-00C04F79EFBC}") = "StockExchange.Api.Tests", "StockExchange.Api.Tests\StockExchange.Api.Tests.csproj", "{A24A85D3-2F1C-4443-90E3-15969085E525}"
EndProject
Project("{FAE04EC0-301F-11D3-BF4B-00C04F79EFBC}") = "StockExchange.Core.Tests", "StockExchange.Core.Tests\StockExchange.Core.Tests.csproj", "{82AFE6C2-BE7E-46F8-8A2F-2ACF5990066C}"
EndProject
Project("{FAE04EC0-301F-11D3-BF4B-00C04F79EFBC}") = "StockExchange.Infrastructure.Tests", "StockExchange.Infrastructure.Tests\StockExchange.Infrastructure.Tests.csproj", "{0F2CD143-CE28-412D-ACBB-94C9C490114E}"
EndProject
Global
	GlobalSection(SolutionConfigurationPlatforms) = preSolution
		Debug|Any CPU = Debug|Any CPU
		Release|Any CPU = Release|Any CPU
	EndGlobalSection
	GlobalSection(ProjectConfigurationPlatforms) = postSolution
		{5E6AF95D-D627-4E2E-95A8-5BDE8083B6B8}.Debug|Any CPU.ActiveCfg = Debug|Any CPU
		{5E6AF95D-D627-4E2E-95A8-5BDE8083B6B8}.Debug|Any CPU.Build.0 = Debug|Any CPU
		{5E6AF95D-D627-4E2E-95A8-5BDE8083B6B8}.Release|Any CPU.ActiveCfg = Release|Any CPU
		{5E6AF95D-D627-4E2E-95A8-5BDE8083B6B8}.Release|Any CPU.Build.0 = Release|Any CPU
		{75C96C8E-ED49-46AB-8E80-5FFE96319632}.Debug|Any CPU.ActiveCfg = Debug|Any CPU
		{75C96C8E-ED49-46AB-8E80-5FFE96319632}.Debug|Any CPU.Build.0 = Debug|Any CPU
		{75C96C8E-ED49-46AB-8E80-5FFE96319632}.Release|Any CPU.ActiveCfg = Release|Any CPU
		{75C96C8E-ED49-46AB-8E80-5FFE96319632}.Release|Any CPU.Build.0 = Release|Any CPU
		{4471F025-64BE-44B2-805B-26197F785027}.Debug|Any CPU.ActiveCfg = Debug|Any CPU
		{4471F025-64BE-44B2-805B-26197F785027}.Debug|Any CPU.Build.0 = Debug|Any CPU
		{4471F025-64BE-44B2-805B-26197F785027}.Release|Any CPU.ActiveCfg = Release|Any CPU
		{4471F025-64BE-44B2-805B-26197F785027}.Release|Any CPU.Build.0 = Release|Any CPU
		{A24A85D3-2F1C-4443-90E3-15969085E525}.Debug|Any CPU.ActiveCfg = Debug|Any CPU
		{A24A85D3-2F1C-4443-90E3-15969085E525}.Debug|Any CPU.Build.0 = Debug|Any CPU
		{A24A85D3-2F1C-4443-90E3-15969085E525}.Release|Any CPU.ActiveCfg = Release|Any CPU
		{A24A85D3-2F1C-4443-90E3-15969085E525}.Release|Any CPU.Build.0 = Release|Any CPU
		{82AFE6C2-BE7E-46F8-8A2F-2ACF5990066C}.Debug|Any CPU.ActiveCfg = Debug|Any CPU
		{82AFE6C2-BE7E-46F8-8A2F-2ACF5990066C}.Debug|Any CPU.Build.0 = Debug|Any CPU
		{82AFE6C2-BE7E-46F8-8A2F-2ACF5990066C}.Release|Any CPU.ActiveCfg = Release|Any CPU
		{82AFE6C2-BE7E-46F8-8A2F-2ACF5990066C}.Release|Any CPU.Build.0 = Release|Any CPU
		{0F2CD143-CE28-412D-ACBB-94C9C490114E}.Debug|Any CPU.ActiveCfg = Debug|Any CPU
		{0F2CD143-CE28-412D-ACBB-94C9C490114E}.Debug|Any CPU.Build.0 = Debug|Any CPU
		{0F2CD143-CE28-412D-ACBB-94C9C490114E}.Release|Any CPU.ActiveCfg = Release|Any CPU
		{0F2CD143-CE28-412D-ACBB-94C9C490114E}.Release|Any CPU.Build.0 = Release|Any CPU
	EndGlobalSection
	GlobalSection(SolutionProperties) = preSolution
		HideSolutionNode = FALSE
	EndGlobalSection
	GlobalSection(ExtensibilityGlobals) = postSolution
		SolutionGuid = {3E458F56-632C-4252-BBCD-5050479280D1}
	EndGlobalSection
EndGlobal
